
Microsoft Visual Studio Solution File, Format Version 12.00
# Visual Studio Version 16
VisualStudioVersion = 16.0.32802.440
MinimumVisualStudioVersion = 10.0.40219.1
Project("{FAE04EC0-301F-11D3-BF4B-00C04F79EFBC}") = "Jop Offers Website", "Jop Offers Website\Jop Offers Website.csproj", "{BD9D9E20-4A80-407D-A373-623ED9217713}"
EndProject
Global
	GlobalSection(SolutionConfigurationPlatforms) = preSolution
		Debug|Any CPU = Debug|Any CPU
		Release|Any CPU = Release|Any CPU
	EndGlobalSection
	GlobalSection(ProjectConfigurationPlatforms) = postSolution
		{BD9D9E20-4A80-407D-A373-623ED9217713}.Debug|Any CPU.ActiveCfg = Debug|Any CPU
		{BD9D9E20-4A80-407D-A373-623ED9217713}.Debug|Any CPU.Build.0 = Debug|Any CPU
		{BD9D9E20-4A80-407D-A373-623ED9217713}.Release|Any CPU.ActiveCfg = Release|Any CPU
		{BD9D9E20-4A80-407D-A373-623ED9217713}.Release|Any CPU.Build.0 = Release|Any CPU
	EndGlobalSection
	GlobalSection(SolutionProperties) = preSolution
		HideSolutionNode = FALSE
	EndGlobalSection
	GlobalSection(ExtensibilityGlobals) = postSolution
		SolutionGuid = {7E3E39C0-F5AB-4F1F-BD02-3B89E739F9E6}
	EndGlobalSection
EndGlobal
